{
  "nodes": {
    "metacall-core": {
      "flake": false,
      "locked": {
        "lastModified": 1703365090,
        "narHash": "sha256-jHr2W4M9wPf/VeULNzEg9YC2LRY7xk217Wi2GIxz8Q8=",
        "owner": "metacall",
        "repo": "core",
        "rev": "34b28423138e607b3b77a984566f941e141ada4b",
        "type": "github"
      },
      "original": {
        "owner": "metacall",
        "repo": "core",
        "type": "github"
      }
    },
    "nixpkgs": {
      "locked": {
        "lastModified": 1704420045,
        "narHash": "sha256-C36QmoJd5tdQ5R9MC1jM7fBkZW9zBUqbUCsgwS6j4QU=",
        "owner": "nixos",
        "repo": "nixpkgs",
        "rev": "c1be43e8e837b8dbee2b3665a007e761680f0c3d",
        "type": "github"
      },
      "original": {
        "owner": "nixos",
        "ref": "nixos-23.11",
        "repo": "nixpkgs",
        "type": "github"
      }
    },
    "root": {
      "inputs": {
        "metacall-core": "metacall-core",
        "nixpkgs": "nixpkgs"
      }
    }
  },
  "root": "root",
  "version": 7
}
